
Microsoft Visual Studio Solution File, Format Version 12.00
# Visual Studio Version 17
VisualStudioVersion = 17.14.36623.8 d17.14
MinimumVisualStudioVersion = 10.0.40219.1
Project("{FAE04EC0-301F-11D3-BF4B-00C04F79EFBC}") = "ilactakipsistem", "ilactakipsistem.csproj", "{D016AD76-0F37-4A0C-9BC3-D993CEF0E6BC}"
EndProject
Global
	GlobalSection(SolutionConfigurationPlatforms) = preSolution
		Debug|Any CPU = Debug|Any CPU
		Release|Any CPU = Release|Any CPU
	EndGlobalSection
	GlobalSection(ProjectConfigurationPlatforms) = postSolution
		{D016AD76-0F37-4A0C-9BC3-D993CEF0E6BC}.Debug|Any CPU.ActiveCfg = Debug|Any CPU
		{D016AD76-0F37-4A0C-9BC3-D993CEF0E6BC}.Debug|Any CPU.Build.0 = Debug|Any CPU
		{D016AD76-0F37-4A0C-9BC3-D993CEF0E6BC}.Release|Any CPU.ActiveCfg = Release|Any CPU
		{D016AD76-0F37-4A0C-9BC3-D993CEF0E6BC}.Release|Any CPU.Build.0 = Release|Any CPU
	EndGlobalSection
	GlobalSection(SolutionProperties) = preSolution
		HideSolutionNode = FALSE
	EndGlobalSection
	GlobalSection(ExtensibilityGlobals) = postSolution
		SolutionGuid = {1B9E8439-5F50-4943-A913-F5EC8879A4B2}
	EndGlobalSection
EndGlobal
